// !$*UTF8*$!
{
	archiveVersion = 1;
	classes = {
	};
	objectVersion = 55;
	objects = {

/* Begin PBXBuildFile section */
		31ADE1DB27FD1971007F76D9 /* TimelineView.swift in Sources */ = {isa = PBXBuildFile; fileRef = 31ADE1DA27FD1971007F76D9 /* TimelineView.swift */; };
		31ADE1DD27FD1B15007F76D9 /* GiftCheckView.swift in Sources */ = {isa = PBXBuildFile; fileRef = 31ADE1DC27FD1B15007F76D9 /* GiftCheckView.swift */; };
		910F970D27FD14CB00401874 /* donggleApp.swift in Sources */ = {isa = PBXBuildFile; fileRef = 910F970C27FD14CB00401874 /* donggleApp.swift */; };
		910F970F27FD14CB00401874 /* ContentView.swift in Sources */ = {isa = PBXBuildFile; fileRef = 910F970E27FD14CB00401874 /* ContentView.swift */; };
		910F971127FD14CE00401874 /* Assets.xcassets in Resources */ = {isa = PBXBuildFile; fileRef = 910F971027FD14CE00401874 /* Assets.xcassets */; };
		910F971427FD14CE00401874 /* Preview Assets.xcassets in Resources */ = {isa = PBXBuildFile; fileRef = 910F971327FD14CE00401874 /* Preview Assets.xcassets */; };
		910F971C27FD17BC00401874 /* RecordView.swift in Sources */ = {isa = PBXBuildFile; fileRef = 910F971B27FD17BC00401874 /* RecordView.swift */; };
/* End PBXBuildFile section */

/* Begin PBXFileReference section */
		31ADE1DA27FD1971007F76D9 /* TimelineView.swift */ = {isa = PBXFileReference; lastKnownFileType = sourcecode.swift; path = TimelineView.swift; sourceTree = "<group>"; };
		31ADE1DC27FD1B15007F76D9 /* GiftCheckView.swift */ = {isa = PBXFileReference; lastKnownFileType = sourcecode.swift; path = GiftCheckView.swift; sourceTree = "<group>"; };
		910F970927FD14CB00401874 /* donggle.app */ = {isa = PBXFileReference; explicitFileType = wrapper.application; includeInIndex = 0; path = donggle.app; sourceTree = BUILT_PRODUCTS_DIR; };
		910F970C27FD14CB00401874 /* donggleApp.swift */ = {isa = PBXFileReference; lastKnownFileType = sourcecode.swift; path = donggleApp.swift; sourceTree = "<group>"; };
		910F970E27FD14CB00401874 /* ContentView.swift */ = {isa = PBXFileReference; lastKnownFileType = sourcecode.swift; path = ContentView.swift; sourceTree = "<group>"; };
		910F971027FD14CE00401874 /* Assets.xcassets */ = {isa = PBXFileReference; lastKnownFileType = folder.assetcatalog; path = Assets.xcassets; sourceTree = "<group>"; };
		910F971327FD14CE00401874 /* Preview Assets.xcassets */ = {isa = PBXFileReference; lastKnownFileType = folder.assetcatalog; path = "Preview Assets.xcassets"; sourceTree = "<group>"; };
		F239F37727FD1D8B0096F53D /* ModalView.swift */ = {isa = PBXFileReference; lastKnownFileType = sourcecode.swift; path = ModalView.swift; sourceTree = "<group>"; };
		F239F37927FD236C0096F53D /* TimelineView.swift */ = {isa = PBXFileReference; lastKnownFileType = sourcecode.swift; path = TimelineView.swift; sourceTree = "<group>"; };
		F239F37B27FD298B0096F53D /* StressReportView.swift */ = {isa = PBXFileReference; lastKnownFileType = sourcecode.swift; path = StressReportView.swift; sourceTree = "<group>"; };
		F239F37D27FD29BE0096F53D /* RewardReportView.swift */ = {isa = PBXFileReference; lastKnownFileType = sourcecode.swift; path = RewardReportView.swift; sourceTree = "<group>"; };
		F239F37F27FD29F60096F53D /* TabBarButton.swift */ = {isa = PBXFileReference; lastKnownFileType = sourcecode.swift; path = TabBarButton.swift; sourceTree = "<group>"; };
		F239F38127FD2A9E0096F53D /* CustomTopTabBar.swift */ = {isa = PBXFileReference; lastKnownFileType = sourcecode.swift; path = CustomTopTabBar.swift; sourceTree = "<group>"; };
		F239F38327FD2D250096F53D /* EdgeBorder.swift */ = {isa = PBXFileReference; lastKnownFileType = sourcecode.swift; path = EdgeBorder.swift; sourceTree = "<group>"; };
		F239F38527FD2D640096F53D /* CustomTapView.swift */ = {isa = PBXFileReference; lastKnownFileType = sourcecode.swift; path = CustomTapView.swift; sourceTree = "<group>"; };
		F239F39227FD6A6F0096F53D /* NavigationBarWithButton.swift */ = {isa = PBXFileReference; lastKnownFileType = sourcecode.swift; path = NavigationBarWithButton.swift; sourceTree = "<group>"; };
		F278CC0227FDDC3200FD308A /* ProgressBar.swift */ = {isa = PBXFileReference; lastKnownFileType = sourcecode.swift; path = ProgressBar.swift; sourceTree = "<group>"; };
		F2D2D36A27FE92A600B64594 /* ReportView.swift */ = {isa = PBXFileReference; lastKnownFileType = sourcecode.swift; path = ReportView.swift; sourceTree = "<group>"; };
		910F971B27FD17BC00401874 /* RecordView.swift */ = {isa = PBXFileReference; lastKnownFileType = sourcecode.swift; path = RecordView.swift; sourceTree = "<group>"; };
/* End PBXFileReference section */

/* Begin PBXFrameworksBuildPhase section */
		910F970627FD14CB00401874 /* Frameworks */ = {
			isa = PBXFrameworksBuildPhase;
			buildActionMask = 2147483647;
			files = (
				F239F38B27FD348F0096F53D /* SwiftUICharts in Frameworks */,
				F239F38E27FD35560096F53D /* SwiftUICharts in Frameworks */,
			);
			runOnlyForDeploymentPostprocessing = 0;
		};
/* End PBXFrameworksBuildPhase section */

/* Begin PBXGroup section */
		3170208B27FD17D000035C2D /* view */ = {
			isa = PBXGroup;
			children = (
				910F970E27FD14CB00401874 /* ContentView.swift */,
				31ADE1DA27FD1971007F76D9 /* TimelineView.swift */,
				31ADE1DC27FD1B15007F76D9 /* GiftCheckView.swift */,
			);
			path = view;
			sourceTree = "<group>";
		};
		910F970027FD14CB00401874 = {
			isa = PBXGroup;
			children = (
				910F970B27FD14CB00401874 /* donggle */,
				910F970A27FD14CB00401874 /* Products */,
			);
			sourceTree = "<group>";
		};
		910F970A27FD14CB00401874 /* Products */ = {
			isa = PBXGroup;
			children = (
				910F970927FD14CB00401874 /* donggle.app */,
			);
			name = Products;
			sourceTree = "<group>";
		};
		910F970B27FD14CB00401874 /* donggle */ = {
			isa = PBXGroup;
			children = (
				910F971A27FD171A00401874 /* view */,
				910F970C27FD14CB00401874 /* donggleApp.swift */,
				910F971027FD14CE00401874 /* Assets.xcassets */,
				F239F37927FD236C0096F53D /* TimelineView.swift */,
				910F971227FD14CE00401874 /* Preview Content */,
				F239F39227FD6A6F0096F53D /* NavigationBarWithButton.swift */,
			);
			path = donggle;
			sourceTree = "<group>";
		};
		910F971227FD14CE00401874 /* Preview Content */ = {
			isa = PBXGroup;
			children = (
				910F971327FD14CE00401874 /* Preview Assets.xcassets */,
			);
			path = "Preview Content";
			sourceTree = "<group>";
		};

		910F971A27FD171A00401874 /* view */ = {
			isa = PBXGroup;
			children = (
				910F970E27FD14CB00401874 /* ContentView.swift */,
				910F971B27FD17BC00401874 /* RecordView.swift */,
			);
			path = view;
			sourceTree = "<group>";
		};
/* End PBXGroup section */

/* Begin PBXNativeTarget section */
		910F970827FD14CB00401874 /* donggle */ = {
			isa = PBXNativeTarget;
			buildConfigurationList = 910F971727FD14CE00401874 /* Build configuration list for PBXNativeTarget "donggle" */;
			buildPhases = (
				910F970527FD14CB00401874 /* Sources */,
				910F970627FD14CB00401874 /* Frameworks */,
				910F970727FD14CB00401874 /* Resources */,
			);
			buildRules = (
			);
			dependencies = (
			);
			name = donggle;
			packageProductDependencies = (
				F239F38A27FD348F0096F53D /* SwiftUICharts */,
				F239F38D27FD35560096F53D /* SwiftUICharts */,
			);
			productName = donggle;
			productReference = 910F970927FD14CB00401874 /* donggle.app */;
			productType = "com.apple.product-type.application";
		};
/* End PBXNativeTarget section */

/* Begin PBXProject section */
		910F970127FD14CB00401874 /* Project object */ = {
			isa = PBXProject;
			attributes = {
				BuildIndependentTargetsInParallel = 1;
				LastSwiftUpdateCheck = 1330;
				LastUpgradeCheck = 1330;
				TargetAttributes = {
					910F970827FD14CB00401874 = {
						CreatedOnToolsVersion = 13.3;
					};
				};
			};
			buildConfigurationList = 910F970427FD14CB00401874 /* Build configuration list for PBXProject "donggle" */;
			compatibilityVersion = "Xcode 13.0";
			developmentRegion = en;
			hasScannedForEncodings = 0;
			knownRegions = (
				en,
				Base,
			);
			mainGroup = 910F970027FD14CB00401874;
			packageReferences = (
				F239F38927FD348F0096F53D /* XCRemoteSwiftPackageReference "ChartView" */,
				F239F38C27FD35560096F53D /* XCRemoteSwiftPackageReference "ChartView" */,
			);
			productRefGroup = 910F970A27FD14CB00401874 /* Products */;
			projectDirPath = "";
			projectRoot = "";
			targets = (
				910F970827FD14CB00401874 /* donggle */,
			);
		};
/* End PBXProject section */

/* Begin PBXResourcesBuildPhase section */
		910F970727FD14CB00401874 /* Resources */ = {
			isa = PBXResourcesBuildPhase;
			buildActionMask = 2147483647;
			files = (
				910F971427FD14CE00401874 /* Preview Assets.xcassets in Resources */,
				910F971127FD14CE00401874 /* Assets.xcassets in Resources */,
			);
			runOnlyForDeploymentPostprocessing = 0;
		};
/* End PBXResourcesBuildPhase section */

/* Begin PBXSourcesBuildPhase section */
		910F970527FD14CB00401874 /* Sources */ = {
			isa = PBXSourcesBuildPhase;
			buildActionMask = 2147483647;
			files = (
				F239F37C27FD298B0096F53D /* StressReportView.swift in Sources */,
				F239F37E27FD29BE0096F53D /* RewardReportView.swift in Sources */,
				F239F38227FD2A9E0096F53D /* CustomTopTabBar.swift in Sources */,
				F239F39327FD6A6F0096F53D /* NavigationBarWithButton.swift in Sources */,
				F239F37A27FD236C0096F53D /* TimelineView.swift in Sources */,
				F239F37827FD1D8B0096F53D /* ModalView.swift in Sources */,
				F239F38627FD2D640096F53D /* CustomTapView.swift in Sources */,
				F2D2D36B27FE92A600B64594 /* ReportView.swift in Sources */,
				F239F38027FD29F60096F53D /* TabBarButton.swift in Sources */,
				910F970F27FD14CB00401874 /* ContentView.swift in Sources */,
				910F971C27FD17BC00401874 /* RecordView.swift in Sources */,
				910F970D27FD14CB00401874 /* donggleApp.swift in Sources */,
			);
			runOnlyForDeploymentPostprocessing = 0;
		};
/* End PBXSourcesBuildPhase section */

/* Begin XCBuildConfiguration section */
		910F971527FD14CE00401874 /* Debug */ = {
			isa = XCBuildConfiguration;
			buildSettings = {
				ALWAYS_SEARCH_USER_PATHS = NO;
				CLANG_ANALYZER_NONNULL = YES;
				CLANG_ANALYZER_NUMBER_OBJECT_CONVERSION = YES_AGGRESSIVE;
				CLANG_CXX_LANGUAGE_STANDARD = "gnu++17";
				CLANG_ENABLE_MODULES = YES;
				CLANG_ENABLE_OBJC_ARC = YES;
				CLANG_ENABLE_OBJC_WEAK = YES;
				CLANG_WARN_BLOCK_CAPTURE_AUTORELEASING = YES;
				CLANG_WARN_BOOL_CONVERSION = YES;
				CLANG_WARN_COMMA = YES;
				CLANG_WARN_CONSTANT_CONVERSION = YES;
				CLANG_WARN_DEPRECATED_OBJC_IMPLEMENTATIONS = YES;
				CLANG_WARN_DIRECT_OBJC_ISA_USAGE = YES_ERROR;
				CLANG_WARN_DOCUMENTATION_COMMENTS = YES;
				CLANG_WARN_EMPTY_BODY = YES;
				CLANG_WARN_ENUM_CONVERSION = YES;
				CLANG_WARN_INFINITE_RECURSION = YES;
				CLANG_WARN_INT_CONVERSION = YES;
				CLANG_WARN_NON_LITERAL_NULL_CONVERSION = YES;
				CLANG_WARN_OBJC_IMPLICIT_RETAIN_SELF = YES;
				CLANG_WARN_OBJC_LITERAL_CONVERSION = YES;
				CLANG_WARN_OBJC_ROOT_CLASS = YES_ERROR;
				CLANG_WARN_QUOTED_INCLUDE_IN_FRAMEWORK_HEADER = YES;
				CLANG_WARN_RANGE_LOOP_ANALYSIS = YES;
				CLANG_WARN_STRICT_PROTOTYPES = YES;
				CLANG_WARN_SUSPICIOUS_MOVE = YES;
				CLANG_WARN_UNGUARDED_AVAILABILITY = YES_AGGRESSIVE;
				CLANG_WARN_UNREACHABLE_CODE = YES;
				CLANG_WARN__DUPLICATE_METHOD_MATCH = YES;
				COPY_PHASE_STRIP = NO;
				DEBUG_INFORMATION_FORMAT = dwarf;
				ENABLE_STRICT_OBJC_MSGSEND = YES;
				ENABLE_TESTABILITY = YES;
				GCC_C_LANGUAGE_STANDARD = gnu11;
				GCC_DYNAMIC_NO_PIC = NO;
				GCC_NO_COMMON_BLOCKS = YES;
				GCC_OPTIMIZATION_LEVEL = 0;
				GCC_PREPROCESSOR_DEFINITIONS = (
					"DEBUG=1",
					"$(inherited)",
				);
				GCC_WARN_64_TO_32_BIT_CONVERSION = YES;
				GCC_WARN_ABOUT_RETURN_TYPE = YES_ERROR;
				GCC_WARN_UNDECLARED_SELECTOR = YES;
				GCC_WARN_UNINITIALIZED_AUTOS = YES_AGGRESSIVE;
				GCC_WARN_UNUSED_FUNCTION = YES;
				GCC_WARN_UNUSED_VARIABLE = YES;
				IPHONEOS_DEPLOYMENT_TARGET = 15.4;
				MTL_ENABLE_DEBUG_INFO = INCLUDE_SOURCE;
				MTL_FAST_MATH = YES;
				ONLY_ACTIVE_ARCH = YES;
				SDKROOT = iphoneos;
				SWIFT_ACTIVE_COMPILATION_CONDITIONS = DEBUG;
				SWIFT_OPTIMIZATION_LEVEL = "-Onone";
			};
			name = Debug;
		};
		910F971627FD14CE00401874 /* Release */ = {
			isa = XCBuildConfiguration;
			buildSettings = {
				ALWAYS_SEARCH_USER_PATHS = NO;
				CLANG_ANALYZER_NONNULL = YES;
				CLANG_ANALYZER_NUMBER_OBJECT_CONVERSION = YES_AGGRESSIVE;
				CLANG_CXX_LANGUAGE_STANDARD = "gnu++17";
				CLANG_ENABLE_MODULES = YES;
				CLANG_ENABLE_OBJC_ARC = YES;
				CLANG_ENABLE_OBJC_WEAK = YES;
				CLANG_WARN_BLOCK_CAPTURE_AUTORELEASING = YES;
				CLANG_WARN_BOOL_CONVERSION = YES;
				CLANG_WARN_COMMA = YES;
				CLANG_WARN_CONSTANT_CONVERSION = YES;
				CLANG_WARN_DEPRECATED_OBJC_IMPLEMENTATIONS = YES;
				CLANG_WARN_DIRECT_OBJC_ISA_USAGE = YES_ERROR;
				CLANG_WARN_DOCUMENTATION_COMMENTS = YES;
				CLANG_WARN_EMPTY_BODY = YES;
				CLANG_WARN_ENUM_CONVERSION = YES;
				CLANG_WARN_INFINITE_RECURSION = YES;
				CLANG_WARN_INT_CONVERSION = YES;
				CLANG_WARN_NON_LITERAL_NULL_CONVERSION = YES;
				CLANG_WARN_OBJC_IMPLICIT_RETAIN_SELF = YES;
				CLANG_WARN_OBJC_LITERAL_CONVERSION = YES;
				CLANG_WARN_OBJC_ROOT_CLASS = YES_ERROR;
				CLANG_WARN_QUOTED_INCLUDE_IN_FRAMEWORK_HEADER = YES;
				CLANG_WARN_RANGE_LOOP_ANALYSIS = YES;
				CLANG_WARN_STRICT_PROTOTYPES = YES;
				CLANG_WARN_SUSPICIOUS_MOVE = YES;
				CLANG_WARN_UNGUARDED_AVAILABILITY = YES_AGGRESSIVE;
				CLANG_WARN_UNREACHABLE_CODE = YES;
				CLANG_WARN__DUPLICATE_METHOD_MATCH = YES;
				COPY_PHASE_STRIP = NO;
				DEBUG_INFORMATION_FORMAT = "dwarf-with-dsym";
				ENABLE_NS_ASSERTIONS = NO;
				ENABLE_STRICT_OBJC_MSGSEND = YES;
				GCC_C_LANGUAGE_STANDARD = gnu11;
				GCC_NO_COMMON_BLOCKS = YES;
				GCC_WARN_64_TO_32_BIT_CONVERSION = YES;
				GCC_WARN_ABOUT_RETURN_TYPE = YES_ERROR;
				GCC_WARN_UNDECLARED_SELECTOR = YES;
				GCC_WARN_UNINITIALIZED_AUTOS = YES_AGGRESSIVE;
				GCC_WARN_UNUSED_FUNCTION = YES;
				GCC_WARN_UNUSED_VARIABLE = YES;
				IPHONEOS_DEPLOYMENT_TARGET = 15.4;
				MTL_ENABLE_DEBUG_INFO = NO;
				MTL_FAST_MATH = YES;
				SDKROOT = iphoneos;
				SWIFT_COMPILATION_MODE = wholemodule;
				SWIFT_OPTIMIZATION_LEVEL = "-O";
				VALIDATE_PRODUCT = YES;
			};
			name = Release;
		};
		910F971827FD14CE00401874 /* Debug */ = {
			isa = XCBuildConfiguration;
			buildSettings = {
				ASSETCATALOG_COMPILER_APPICON_NAME = AppIcon;
				ASSETCATALOG_COMPILER_GLOBAL_ACCENT_COLOR_NAME = AccentColor;
				CODE_SIGN_STYLE = Automatic;
				CURRENT_PROJECT_VERSION = 1;
				DEVELOPMENT_ASSET_PATHS = "\"donggle/Preview Content\"";
				ENABLE_PREVIEWS = YES;
				GENERATE_INFOPLIST_FILE = YES;
				INFOPLIST_KEY_UIApplicationSceneManifest_Generation = YES;
				INFOPLIST_KEY_UIApplicationSupportsIndirectInputEvents = YES;
				INFOPLIST_KEY_UILaunchScreen_Generation = YES;
				INFOPLIST_KEY_UISupportedInterfaceOrientations_iPad = "UIInterfaceOrientationPortrait UIInterfaceOrientationPortraitUpsideDown UIInterfaceOrientationLandscapeLeft UIInterfaceOrientationLandscapeRight";
				INFOPLIST_KEY_UISupportedInterfaceOrientations_iPhone = "UIInterfaceOrientationPortrait UIInterfaceOrientationLandscapeLeft UIInterfaceOrientationLandscapeRight";
				LD_RUNPATH_SEARCH_PATHS = (
					"$(inherited)",
					"@executable_path/Frameworks",
				);
				MARKETING_VERSION = 1.0;
				PRODUCT_BUNDLE_IDENTIFIER = gamer.donggle;
				PRODUCT_NAME = "$(TARGET_NAME)";
				SWIFT_EMIT_LOC_STRINGS = YES;
				SWIFT_VERSION = 5.0;
				TARGETED_DEVICE_FAMILY = "1,2";
			};
			name = Debug;
		};
		910F971927FD14CE00401874 /* Release */ = {
			isa = XCBuildConfiguration;
			buildSettings = {
				ASSETCATALOG_COMPILER_APPICON_NAME = AppIcon;
				ASSETCATALOG_COMPILER_GLOBAL_ACCENT_COLOR_NAME = AccentColor;
				CODE_SIGN_STYLE = Automatic;
				CURRENT_PROJECT_VERSION = 1;
				DEVELOPMENT_ASSET_PATHS = "\"donggle/Preview Content\"";
				ENABLE_PREVIEWS = YES;
				GENERATE_INFOPLIST_FILE = YES;
				INFOPLIST_KEY_UIApplicationSceneManifest_Generation = YES;
				INFOPLIST_KEY_UIApplicationSupportsIndirectInputEvents = YES;
				INFOPLIST_KEY_UILaunchScreen_Generation = YES;
				INFOPLIST_KEY_UISupportedInterfaceOrientations_iPad = "UIInterfaceOrientationPortrait UIInterfaceOrientationPortraitUpsideDown UIInterfaceOrientationLandscapeLeft UIInterfaceOrientationLandscapeRight";
				INFOPLIST_KEY_UISupportedInterfaceOrientations_iPhone = "UIInterfaceOrientationPortrait UIInterfaceOrientationLandscapeLeft UIInterfaceOrientationLandscapeRight";
				LD_RUNPATH_SEARCH_PATHS = (
					"$(inherited)",
					"@executable_path/Frameworks",
				);
				MARKETING_VERSION = 1.0;
				PRODUCT_BUNDLE_IDENTIFIER = gamer.donggle;
				PRODUCT_NAME = "$(TARGET_NAME)";
				SWIFT_EMIT_LOC_STRINGS = YES;
				SWIFT_VERSION = 5.0;
				TARGETED_DEVICE_FAMILY = "1,2";
			};
			name = Release;
		};
/* End XCBuildConfiguration section */

/* Begin XCConfigurationList section */
		910F970427FD14CB00401874 /* Build configuration list for PBXProject "donggle" */ = {
			isa = XCConfigurationList;
			buildConfigurations = (
				910F971527FD14CE00401874 /* Debug */,
				910F971627FD14CE00401874 /* Release */,
			);
			defaultConfigurationIsVisible = 0;
			defaultConfigurationName = Release;
		};
		910F971727FD14CE00401874 /* Build configuration list for PBXNativeTarget "donggle" */ = {
			isa = XCConfigurationList;
			buildConfigurations = (
				910F971827FD14CE00401874 /* Debug */,
				910F971927FD14CE00401874 /* Release */,
			);
			defaultConfigurationIsVisible = 0;
			defaultConfigurationName = Release;
		};
/* End XCConfigurationList section */

/* Begin XCRemoteSwiftPackageReference section */
		F239F38927FD348F0096F53D /* XCRemoteSwiftPackageReference "ChartView" */ = {
			isa = XCRemoteSwiftPackageReference;
			repositoryURL = "https://github.com/AppPear/ChartView";
			requirement = {
				kind = upToNextMajorVersion;
				minimumVersion = 1.0.0;
			};
		};
		F239F38C27FD35560096F53D /* XCRemoteSwiftPackageReference "ChartView" */ = {
			isa = XCRemoteSwiftPackageReference;
			repositoryURL = "https://github.com/AppPear/ChartView";
			requirement = {
				kind = exactVersion;
				version = 1.5.5;
			};
		};
/* End XCRemoteSwiftPackageReference section */

/* Begin XCSwiftPackageProductDependency section */
		F239F38A27FD348F0096F53D /* SwiftUICharts */ = {
			isa = XCSwiftPackageProductDependency;
			package = F239F38927FD348F0096F53D /* XCRemoteSwiftPackageReference "ChartView" */;
			productName = SwiftUICharts;
		};
		F239F38D27FD35560096F53D /* SwiftUICharts */ = {
			isa = XCSwiftPackageProductDependency;
			package = F239F38C27FD35560096F53D /* XCRemoteSwiftPackageReference "ChartView" */;
			productName = SwiftUICharts;
		};
/* End XCSwiftPackageProductDependency section */
	};
	rootObject = 910F970127FD14CB00401874 /* Project object */;
}
