// !$*UTF8*$!
{
	archiveVersion = 1;
	classes = {
	};
	objectVersion = 55;
	objects = {

/* Begin PBXBuildFile section */
		31A38ABB27FEEB7600F4EAE8 /* GiftCheckView.swift in Sources */ = {isa = PBXBuildFile; fileRef = 31A38ABA27FEEB7600F4EAE8 /* GiftCheckView.swift */; };
		913108EE2801704C00C4BAB2 /* RecordTestingView.swift in Sources */ = {isa = PBXBuildFile; fileRef = 913108ED2801704C00C4BAB2 /* RecordTestingView.swift */; };
		915F3A8928058D050065A765 /* UpdateRewardView.swift in Sources */ = {isa = PBXBuildFile; fileRef = 915F3A8828058D050065A765 /* UpdateRewardView.swift */; };
		918E3B5E2800350A0045DA4F /* SRdata.swift in Sources */ = {isa = PBXBuildFile; fileRef = 918E3B5D2800350A0045DA4F /* SRdata.swift */; };
		91BF869B27FECD2300A95FA9 /* donggleApp.swift in Sources */ = {isa = PBXBuildFile; fileRef = 91BF869A27FECD2300A95FA9 /* donggleApp.swift */; };
		91BF869F27FECD2300A95FA9 /* Assets.xcassets in Resources */ = {isa = PBXBuildFile; fileRef = 91BF869E27FECD2300A95FA9 /* Assets.xcassets */; };
		91BF86A227FECD2300A95FA9 /* Preview Assets.xcassets in Resources */ = {isa = PBXBuildFile; fileRef = 91BF86A127FECD2300A95FA9 /* Preview Assets.xcassets */; };
		91BF86A927FED68400A95FA9 /* RecordView.swift in Sources */ = {isa = PBXBuildFile; fileRef = 91BF86A827FED68400A95FA9 /* RecordView.swift */; };
		91DCE43328055093005C830D /* StyleData.swift in Sources */ = {isa = PBXBuildFile; fileRef = 91DCE43228055093005C830D /* StyleData.swift */; };
		91E171242805B5CB00B7B188 /* Charts in Frameworks */ = {isa = PBXBuildFile; productRef = 91E171232805B5CB00B7B188 /* Charts */; };
		91E171272805B5D600B7B188 /* FSCalendar in Frameworks */ = {isa = PBXBuildFile; productRef = 91E171262805B5D600B7B188 /* FSCalendar */; };
		CC91CDB1280534E3002A8924 /* DefaultRewardCard.swift in Sources */ = {isa = PBXBuildFile; fileRef = CC91CDB0280534E3002A8924 /* DefaultRewardCard.swift */; };
		CCAF999B2801D3D20096362E /* RecordRewardView.swift in Sources */ = {isa = PBXBuildFile; fileRef = CCAF999A2801D3D20096362E /* RecordRewardView.swift */; };
		CCAF999D2801D3E00096362E /* DetailView.swift in Sources */ = {isa = PBXBuildFile; fileRef = CCAF999C2801D3E00096362E /* DetailView.swift */; };
		CCD9C74427FED4FB00C21709 /* HomeView.swift in Sources */ = {isa = PBXBuildFile; fileRef = CCD9C74327FED4FB00C21709 /* HomeView.swift */; };
		CCD9C74627FED50A00C21709 /* SettingView.swift in Sources */ = {isa = PBXBuildFile; fileRef = CCD9C74527FED50A00C21709 /* SettingView.swift */; };
		CCD9C74827FED51F00C21709 /* CalenderView.swift in Sources */ = {isa = PBXBuildFile; fileRef = CCD9C74727FED51F00C21709 /* CalenderView.swift */; };
		CCD9C74C27FED53C00C21709 /* TabBarView.swift in Sources */ = {isa = PBXBuildFile; fileRef = CCD9C74B27FED53C00C21709 /* TabBarView.swift */; };
		E604B6082802F7370099464C /* DetailCardFront.swift in Sources */ = {isa = PBXBuildFile; fileRef = E604B6072802F7370099464C /* DetailCardFront.swift */; };
		E604B60A2802F7520099464C /* DetailCardBack.swift in Sources */ = {isa = PBXBuildFile; fileRef = E604B6092802F7520099464C /* DetailCardBack.swift */; };
		E604B60E2802F77E0099464C /* CardDetailView.swift in Sources */ = {isa = PBXBuildFile; fileRef = E604B60D2802F77E0099464C /* CardDetailView.swift */; };
		E61F252B27FFC45D00D3A96C /* RewardCard2.swift in Sources */ = {isa = PBXBuildFile; fileRef = E61F252A27FFC45D00D3A96C /* RewardCard2.swift */; };
		F23139B627FEE0A500D4EB9F /* ReportView.swift in Sources */ = {isa = PBXBuildFile; fileRef = F23139B527FEE0A500D4EB9F /* ReportView.swift */; };
		F23139BB27FEE13700D4EB9F /* StressReportView.swift in Sources */ = {isa = PBXBuildFile; fileRef = F23139BA27FEE13700D4EB9F /* StressReportView.swift */; };
		F23139BD27FEE13900D4EB9F /* RewardReportView.swift in Sources */ = {isa = PBXBuildFile; fileRef = F23139BC27FEE13900D4EB9F /* RewardReportView.swift */; };
		F23139BF27FEE13C00D4EB9F /* ProgressBar.swift in Sources */ = {isa = PBXBuildFile; fileRef = F23139BE27FEE13C00D4EB9F /* ProgressBar.swift */; };
		F23139C827FEE24300D4EB9F /* CustomTapView.swift in Sources */ = {isa = PBXBuildFile; fileRef = F23139C727FEE24300D4EB9F /* CustomTapView.swift */; };
		F23139CA27FEE24700D4EB9F /* CustomTopTabBar.swift in Sources */ = {isa = PBXBuildFile; fileRef = F23139C927FEE24700D4EB9F /* CustomTopTabBar.swift */; };
		F23139CC27FEE24900D4EB9F /* EdgeBorder.swift in Sources */ = {isa = PBXBuildFile; fileRef = F23139CB27FEE24900D4EB9F /* EdgeBorder.swift */; };
		F23139CE27FEE24B00D4EB9F /* TabBarButton.swift in Sources */ = {isa = PBXBuildFile; fileRef = F23139CD27FEE24B00D4EB9F /* TabBarButton.swift */; };
		F23139D027FEE25800D4EB9F /* ModalView.swift in Sources */ = {isa = PBXBuildFile; fileRef = F23139CF27FEE25800D4EB9F /* ModalView.swift */; };
		F23139D327FEE2A100D4EB9F /* TimelineView.swift in Sources */ = {isa = PBXBuildFile; fileRef = F23139D227FEE2A100D4EB9F /* TimelineView.swift */; };
		F2E90CAC28058E6C009C3D85 /* ContentView.swift in Sources */ = {isa = PBXBuildFile; fileRef = F2E90CAB28058E6C009C3D85 /* ContentView.swift */; };
/* End PBXBuildFile section */

/* Begin PBXFileReference section */
		31A38ABA27FEEB7600F4EAE8 /* GiftCheckView.swift */ = {isa = PBXFileReference; lastKnownFileType = sourcecode.swift; path = GiftCheckView.swift; sourceTree = "<group>"; };
		913108ED2801704C00C4BAB2 /* RecordTestingView.swift */ = {isa = PBXFileReference; lastKnownFileType = sourcecode.swift; path = RecordTestingView.swift; sourceTree = "<group>"; };
		915F3A8828058D050065A765 /* UpdateRewardView.swift */ = {isa = PBXFileReference; lastKnownFileType = sourcecode.swift; path = UpdateRewardView.swift; sourceTree = "<group>"; };
		918E3B5D2800350A0045DA4F /* SRdata.swift */ = {isa = PBXFileReference; lastKnownFileType = sourcecode.swift; path = SRdata.swift; sourceTree = "<group>"; };
		91BF869727FECD2300A95FA9 /* donggle.app */ = {isa = PBXFileReference; explicitFileType = wrapper.application; includeInIndex = 0; path = donggle.app; sourceTree = BUILT_PRODUCTS_DIR; };
		91BF869A27FECD2300A95FA9 /* donggleApp.swift */ = {isa = PBXFileReference; lastKnownFileType = sourcecode.swift; path = donggleApp.swift; sourceTree = "<group>"; };
		91BF869E27FECD2300A95FA9 /* Assets.xcassets */ = {isa = PBXFileReference; lastKnownFileType = folder.assetcatalog; path = Assets.xcassets; sourceTree = "<group>"; };
		91BF86A127FECD2300A95FA9 /* Preview Assets.xcassets */ = {isa = PBXFileReference; lastKnownFileType = folder.assetcatalog; path = "Preview Assets.xcassets"; sourceTree = "<group>"; };
		91BF86A827FED68400A95FA9 /* RecordView.swift */ = {isa = PBXFileReference; lastKnownFileType = sourcecode.swift; path = RecordView.swift; sourceTree = "<group>"; };
		91DCE43228055093005C830D /* StyleData.swift */ = {isa = PBXFileReference; lastKnownFileType = sourcecode.swift; path = StyleData.swift; sourceTree = "<group>"; };
		CC91CDB0280534E3002A8924 /* DefaultRewardCard.swift */ = {isa = PBXFileReference; lastKnownFileType = sourcecode.swift; path = DefaultRewardCard.swift; sourceTree = "<group>"; };
		CCAF999A2801D3D20096362E /* RecordRewardView.swift */ = {isa = PBXFileReference; lastKnownFileType = sourcecode.swift; path = RecordRewardView.swift; sourceTree = "<group>"; };
		CCAF999C2801D3E00096362E /* DetailView.swift */ = {isa = PBXFileReference; lastKnownFileType = sourcecode.swift; path = DetailView.swift; sourceTree = "<group>"; };
		CCD9C74327FED4FB00C21709 /* HomeView.swift */ = {isa = PBXFileReference; lastKnownFileType = sourcecode.swift; path = HomeView.swift; sourceTree = "<group>"; };
		CCD9C74527FED50A00C21709 /* SettingView.swift */ = {isa = PBXFileReference; lastKnownFileType = sourcecode.swift; path = SettingView.swift; sourceTree = "<group>"; };
		CCD9C74727FED51F00C21709 /* CalenderView.swift */ = {isa = PBXFileReference; lastKnownFileType = sourcecode.swift; path = CalenderView.swift; sourceTree = "<group>"; };
		CCD9C74B27FED53C00C21709 /* TabBarView.swift */ = {isa = PBXFileReference; lastKnownFileType = sourcecode.swift; path = TabBarView.swift; sourceTree = "<group>"; };
		E604B6072802F7370099464C /* DetailCardFront.swift */ = {isa = PBXFileReference; lastKnownFileType = sourcecode.swift; path = DetailCardFront.swift; sourceTree = "<group>"; };
		E604B6092802F7520099464C /* DetailCardBack.swift */ = {isa = PBXFileReference; lastKnownFileType = sourcecode.swift; path = DetailCardBack.swift; sourceTree = "<group>"; };
		E604B60D2802F77E0099464C /* CardDetailView.swift */ = {isa = PBXFileReference; lastKnownFileType = sourcecode.swift; path = CardDetailView.swift; sourceTree = "<group>"; };
		E61F252A27FFC45D00D3A96C /* RewardCard2.swift */ = {isa = PBXFileReference; lastKnownFileType = sourcecode.swift; path = RewardCard2.swift; sourceTree = "<group>"; };
		F23139B527FEE0A500D4EB9F /* ReportView.swift */ = {isa = PBXFileReference; fileEncoding = 4; lastKnownFileType = sourcecode.swift; path = ReportView.swift; sourceTree = "<group>"; };
		F23139BA27FEE13700D4EB9F /* StressReportView.swift */ = {isa = PBXFileReference; fileEncoding = 4; lastKnownFileType = sourcecode.swift; path = StressReportView.swift; sourceTree = "<group>"; };
		F23139BC27FEE13900D4EB9F /* RewardReportView.swift */ = {isa = PBXFileReference; fileEncoding = 4; lastKnownFileType = sourcecode.swift; path = RewardReportView.swift; sourceTree = "<group>"; };
		F23139BE27FEE13C00D4EB9F /* ProgressBar.swift */ = {isa = PBXFileReference; fileEncoding = 4; lastKnownFileType = sourcecode.swift; path = ProgressBar.swift; sourceTree = "<group>"; };
		F23139C727FEE24300D4EB9F /* CustomTapView.swift */ = {isa = PBXFileReference; fileEncoding = 4; lastKnownFileType = sourcecode.swift; path = CustomTapView.swift; sourceTree = "<group>"; };
		F23139C927FEE24700D4EB9F /* CustomTopTabBar.swift */ = {isa = PBXFileReference; fileEncoding = 4; lastKnownFileType = sourcecode.swift; path = CustomTopTabBar.swift; sourceTree = "<group>"; };
		F23139CB27FEE24900D4EB9F /* EdgeBorder.swift */ = {isa = PBXFileReference; fileEncoding = 4; lastKnownFileType = sourcecode.swift; path = EdgeBorder.swift; sourceTree = "<group>"; };
		F23139CD27FEE24B00D4EB9F /* TabBarButton.swift */ = {isa = PBXFileReference; fileEncoding = 4; lastKnownFileType = sourcecode.swift; path = TabBarButton.swift; sourceTree = "<group>"; };
		F23139CF27FEE25800D4EB9F /* ModalView.swift */ = {isa = PBXFileReference; fileEncoding = 4; lastKnownFileType = sourcecode.swift; path = ModalView.swift; sourceTree = "<group>"; };
		F23139D227FEE2A100D4EB9F /* TimelineView.swift */ = {isa = PBXFileReference; fileEncoding = 4; lastKnownFileType = sourcecode.swift; path = TimelineView.swift; sourceTree = "<group>"; };
		F2E90CAB28058E6C009C3D85 /* ContentView.swift */ = {isa = PBXFileReference; lastKnownFileType = sourcecode.swift; path = ContentView.swift; sourceTree = "<group>"; };
/* End PBXFileReference section */

/* Begin PBXFrameworksBuildPhase section */
		91BF869427FECD2300A95FA9 /* Frameworks */ = {
			isa = PBXFrameworksBuildPhase;
			buildActionMask = 2147483647;
			files = (
				91E171242805B5CB00B7B188 /* Charts in Frameworks */,
				91E171272805B5D600B7B188 /* FSCalendar in Frameworks */,
			);
			runOnlyForDeploymentPostprocessing = 0;
		};
/* End PBXFrameworksBuildPhase section */

/* Begin PBXGroup section */
		918E3B5C280033BB0045DA4F /* Model */ = {
			isa = PBXGroup;
			children = (
				918E3B5D2800350A0045DA4F /* SRdata.swift */,
				91DCE43228055093005C830D /* StyleData.swift */,
			);
			path = Model;
			sourceTree = "<group>";
		};
		91BF868E27FECD2300A95FA9 = {
			isa = PBXGroup;
			children = (
				91BF869927FECD2300A95FA9 /* donggle */,
				91BF869827FECD2300A95FA9 /* Products */,
			);
			sourceTree = "<group>";
		};
		91BF869827FECD2300A95FA9 /* Products */ = {
			isa = PBXGroup;
			children = (
				91BF869727FECD2300A95FA9 /* donggle.app */,
			);
			name = Products;
			sourceTree = "<group>";
		};
		91BF869927FECD2300A95FA9 /* donggle */ = {
			isa = PBXGroup;
			children = (
				91BF869A27FECD2300A95FA9 /* donggleApp.swift */,
				918E3B5C280033BB0045DA4F /* Model */,
				F23139B727FEE0C700D4EB9F /* Views */,
				CCD9C74227FED4EB00C21709 /* Tab bar Views */,
				91BF869E27FECD2300A95FA9 /* Assets.xcassets */,
				91BF86A027FECD2300A95FA9 /* Preview Content */,
			);
			path = donggle;
			sourceTree = "<group>";
		};
		91BF86A027FECD2300A95FA9 /* Preview Content */ = {
			isa = PBXGroup;
			children = (
				91BF86A127FECD2300A95FA9 /* Preview Assets.xcassets */,
			);
			path = "Preview Content";
			sourceTree = "<group>";
		};
		CCD9C74227FED4EB00C21709 /* Tab bar Views */ = {
			isa = PBXGroup;
			children = (
				CCD9C74327FED4FB00C21709 /* HomeView.swift */,
				CCD9C74527FED50A00C21709 /* SettingView.swift */,
				F23139B527FEE0A500D4EB9F /* ReportView.swift */,
				CCD9C74727FED51F00C21709 /* CalenderView.swift */,
			);
			path = "Tab bar Views";
			sourceTree = "<group>";
		};
		E604B6062802F7290099464C /* DetailCard */ = {
			isa = PBXGroup;
			children = (
				E604B6072802F7370099464C /* DetailCardFront.swift */,
				E604B6092802F7520099464C /* DetailCardBack.swift */,
			);
			path = DetailCard;
			sourceTree = "<group>";
		};
		F23139B727FEE0C700D4EB9F /* Views */ = {
			isa = PBXGroup;
			children = (
				CCD9C74B27FED53C00C21709 /* TabBarView.swift */,
				CC91CDB0280534E3002A8924 /* DefaultRewardCard.swift */,
				F23A5D59280563DD00F54207 /* ReportView */,
				E61F252A27FFC45D00D3A96C /* RewardCard2.swift */,
				E604B60D2802F77E0099464C /* CardDetailView.swift */,
				31A38ABA27FEEB7600F4EAE8 /* GiftCheckView.swift */,
				915F3A8828058D050065A765 /* UpdateRewardView.swift */,
				E604B6062802F7290099464C /* DetailCard */,
				91BF86A827FED68400A95FA9 /* RecordView.swift */,
				913108ED2801704C00C4BAB2 /* RecordTestingView.swift */,
				CCAF999A2801D3D20096362E /* RecordRewardView.swift */,
				CCAF999C2801D3E00096362E /* DetailView.swift */,
				F23139CF27FEE25800D4EB9F /* ModalView.swift */,
				F23139D227FEE2A100D4EB9F /* TimelineView.swift */,
			);
			path = Views;
			sourceTree = "<group>";
		};
		F23139D127FEE26800D4EB9F /* UpperTab */ = {
			isa = PBXGroup;
			children = (
				F23139CD27FEE24B00D4EB9F /* TabBarButton.swift */,
				F23139CB27FEE24900D4EB9F /* EdgeBorder.swift */,
				F23139C927FEE24700D4EB9F /* CustomTopTabBar.swift */,
				F23139C727FEE24300D4EB9F /* CustomTapView.swift */,
			);
			path = UpperTab;
			sourceTree = "<group>";
		};
		F23A5D59280563DD00F54207 /* ReportView */ = {
			isa = PBXGroup;
			children = (
				F2E90CAA28058E59009C3D85 /* ChartView */,
				F23139D127FEE26800D4EB9F /* UpperTab */,
				F23139BA27FEE13700D4EB9F /* StressReportView.swift */,
				F23139BC27FEE13900D4EB9F /* RewardReportView.swift */,
				F23139BE27FEE13C00D4EB9F /* ProgressBar.swift */,
			);
			name = ReportView;
			sourceTree = "<group>";
		};
		F2E90CAA28058E59009C3D85 /* ChartView */ = {
			isa = PBXGroup;
			children = (
				F2E90CAB28058E6C009C3D85 /* ContentView.swift */,
			);
			path = ChartView;
			sourceTree = "<group>";
		};
/* End PBXGroup section */

/* Begin PBXNativeTarget section */
		91BF869627FECD2300A95FA9 /* donggle */ = {
			isa = PBXNativeTarget;
			buildConfigurationList = 91BF86A527FECD2300A95FA9 /* Build configuration list for PBXNativeTarget "donggle" */;
			buildPhases = (
				91BF869327FECD2300A95FA9 /* Sources */,
				91BF869427FECD2300A95FA9 /* Frameworks */,
				91BF869527FECD2300A95FA9 /* Resources */,
			);
			buildRules = (
			);
			dependencies = (
			);
			name = donggle;
			packageProductDependencies = (
				91E171232805B5CB00B7B188 /* Charts */,
				91E171262805B5D600B7B188 /* FSCalendar */,
			);
			productName = donggle;
			productReference = 91BF869727FECD2300A95FA9 /* donggle.app */;
			productType = "com.apple.product-type.application";
		};
/* End PBXNativeTarget section */

/* Begin PBXProject section */
		91BF868F27FECD2300A95FA9 /* Project object */ = {
			isa = PBXProject;
			attributes = {
				BuildIndependentTargetsInParallel = 1;
				LastSwiftUpdateCheck = 1330;
				LastUpgradeCheck = 1330;
				TargetAttributes = {
					91BF869627FECD2300A95FA9 = {
						CreatedOnToolsVersion = 13.3;
					};
				};
			};
			buildConfigurationList = 91BF869227FECD2300A95FA9 /* Build configuration list for PBXProject "donggle" */;
			compatibilityVersion = "Xcode 13.0";
			developmentRegion = en;
			hasScannedForEncodings = 0;
			knownRegions = (
				en,
				Base,
			);
			mainGroup = 91BF868E27FECD2300A95FA9;
			packageReferences = (
				91E171222805B5CB00B7B188 /* XCRemoteSwiftPackageReference "swiftui-charts" */,
				91E171252805B5D600B7B188 /* XCRemoteSwiftPackageReference "FSCalendar" */,
			);
			productRefGroup = 91BF869827FECD2300A95FA9 /* Products */;
			projectDirPath = "";
			projectRoot = "";
			targets = (
				91BF869627FECD2300A95FA9 /* donggle */,
			);
		};
/* End PBXProject section */

/* Begin PBXResourcesBuildPhase section */
		91BF869527FECD2300A95FA9 /* Resources */ = {
			isa = PBXResourcesBuildPhase;
			buildActionMask = 2147483647;
			files = (
				91BF86A227FECD2300A95FA9 /* Preview Assets.xcassets in Resources */,
				91BF869F27FECD2300A95FA9 /* Assets.xcassets in Resources */,
			);
			runOnlyForDeploymentPostprocessing = 0;
		};
/* End PBXResourcesBuildPhase section */

/* Begin PBXSourcesBuildPhase section */
		91BF869327FECD2300A95FA9 /* Sources */ = {
			isa = PBXSourcesBuildPhase;
			buildActionMask = 2147483647;
			files = (
				CCD9C74427FED4FB00C21709 /* HomeView.swift in Sources */,
				F23139CA27FEE24700D4EB9F /* CustomTopTabBar.swift in Sources */,
				F23139D027FEE25800D4EB9F /* ModalView.swift in Sources */,
				E604B60E2802F77E0099464C /* CardDetailView.swift in Sources */,
				31A38ABB27FEEB7600F4EAE8 /* GiftCheckView.swift in Sources */,
				F23139BF27FEE13C00D4EB9F /* ProgressBar.swift in Sources */,
				F23139BB27FEE13700D4EB9F /* StressReportView.swift in Sources */,
				CCD9C74627FED50A00C21709 /* SettingView.swift in Sources */,
				91DCE43328055093005C830D /* StyleData.swift in Sources */,
				F23139B627FEE0A500D4EB9F /* ReportView.swift in Sources */,
				CCD9C74C27FED53C00C21709 /* TabBarView.swift in Sources */,
				F2E90CAC28058E6C009C3D85 /* ContentView.swift in Sources */,
				F23139BD27FEE13900D4EB9F /* RewardReportView.swift in Sources */,
				915F3A8928058D050065A765 /* UpdateRewardView.swift in Sources */,
				913108EE2801704C00C4BAB2 /* RecordTestingView.swift in Sources */,
				E604B60A2802F7520099464C /* DetailCardBack.swift in Sources */,
				E61F252B27FFC45D00D3A96C /* RewardCard2.swift in Sources */,
				F23139CE27FEE24B00D4EB9F /* TabBarButton.swift in Sources */,
				F23139CC27FEE24900D4EB9F /* EdgeBorder.swift in Sources */,
				91BF86A927FED68400A95FA9 /* RecordView.swift in Sources */,
				F23139C827FEE24300D4EB9F /* CustomTapView.swift in Sources */,
				CCAF999D2801D3E00096362E /* DetailView.swift in Sources */,
				CC91CDB1280534E3002A8924 /* DefaultRewardCard.swift in Sources */,
				CCD9C74827FED51F00C21709 /* CalenderView.swift in Sources */,
				CCAF999B2801D3D20096362E /* RecordRewardView.swift in Sources */,
				F23139D327FEE2A100D4EB9F /* TimelineView.swift in Sources */,
				918E3B5E2800350A0045DA4F /* SRdata.swift in Sources */,
				E604B6082802F7370099464C /* DetailCardFront.swift in Sources */,
				91BF869B27FECD2300A95FA9 /* donggleApp.swift in Sources */,
			);
			runOnlyForDeploymentPostprocessing = 0;
		};
/* End PBXSourcesBuildPhase section */

/* Begin XCBuildConfiguration section */
		91BF86A327FECD2300A95FA9 /* Debug */ = {
			isa = XCBuildConfiguration;
			buildSettings = {
				ALWAYS_SEARCH_USER_PATHS = NO;
				CLANG_ANALYZER_NONNULL = YES;
				CLANG_ANALYZER_NUMBER_OBJECT_CONVERSION = YES_AGGRESSIVE;
				CLANG_CXX_LANGUAGE_STANDARD = "gnu++17";
				CLANG_ENABLE_MODULES = YES;
				CLANG_ENABLE_OBJC_ARC = YES;
				CLANG_ENABLE_OBJC_WEAK = YES;
				CLANG_WARN_BLOCK_CAPTURE_AUTORELEASING = YES;
				CLANG_WARN_BOOL_CONVERSION = YES;
				CLANG_WARN_COMMA = YES;
				CLANG_WARN_CONSTANT_CONVERSION = YES;
				CLANG_WARN_DEPRECATED_OBJC_IMPLEMENTATIONS = YES;
				CLANG_WARN_DIRECT_OBJC_ISA_USAGE = YES_ERROR;
				CLANG_WARN_DOCUMENTATION_COMMENTS = YES;
				CLANG_WARN_EMPTY_BODY = YES;
				CLANG_WARN_ENUM_CONVERSION = YES;
				CLANG_WARN_INFINITE_RECURSION = YES;
				CLANG_WARN_INT_CONVERSION = YES;
				CLANG_WARN_NON_LITERAL_NULL_CONVERSION = YES;
				CLANG_WARN_OBJC_IMPLICIT_RETAIN_SELF = YES;
				CLANG_WARN_OBJC_LITERAL_CONVERSION = YES;
				CLANG_WARN_OBJC_ROOT_CLASS = YES_ERROR;
				CLANG_WARN_QUOTED_INCLUDE_IN_FRAMEWORK_HEADER = YES;
				CLANG_WARN_RANGE_LOOP_ANALYSIS = YES;
				CLANG_WARN_STRICT_PROTOTYPES = YES;
				CLANG_WARN_SUSPICIOUS_MOVE = YES;
				CLANG_WARN_UNGUARDED_AVAILABILITY = YES_AGGRESSIVE;
				CLANG_WARN_UNREACHABLE_CODE = YES;
				CLANG_WARN__DUPLICATE_METHOD_MATCH = YES;
				COPY_PHASE_STRIP = NO;
				DEBUG_INFORMATION_FORMAT = dwarf;
				ENABLE_STRICT_OBJC_MSGSEND = YES;
				ENABLE_TESTABILITY = YES;
				GCC_C_LANGUAGE_STANDARD = gnu11;
				GCC_DYNAMIC_NO_PIC = NO;
				GCC_NO_COMMON_BLOCKS = YES;
				GCC_OPTIMIZATION_LEVEL = 0;
				GCC_PREPROCESSOR_DEFINITIONS = (
					"DEBUG=1",
					"$(inherited)",
				);
				GCC_WARN_64_TO_32_BIT_CONVERSION = YES;
				GCC_WARN_ABOUT_RETURN_TYPE = YES_ERROR;
				GCC_WARN_UNDECLARED_SELECTOR = YES;
				GCC_WARN_UNINITIALIZED_AUTOS = YES_AGGRESSIVE;
				GCC_WARN_UNUSED_FUNCTION = YES;
				GCC_WARN_UNUSED_VARIABLE = YES;
				IPHONEOS_DEPLOYMENT_TARGET = 15.4;
				MTL_ENABLE_DEBUG_INFO = INCLUDE_SOURCE;
				MTL_FAST_MATH = YES;
				ONLY_ACTIVE_ARCH = YES;
				SDKROOT = iphoneos;
				SWIFT_ACTIVE_COMPILATION_CONDITIONS = DEBUG;
				SWIFT_OPTIMIZATION_LEVEL = "-Onone";
			};
			name = Debug;
		};
		91BF86A427FECD2300A95FA9 /* Release */ = {
			isa = XCBuildConfiguration;
			buildSettings = {
				ALWAYS_SEARCH_USER_PATHS = NO;
				CLANG_ANALYZER_NONNULL = YES;
				CLANG_ANALYZER_NUMBER_OBJECT_CONVERSION = YES_AGGRESSIVE;
				CLANG_CXX_LANGUAGE_STANDARD = "gnu++17";
				CLANG_ENABLE_MODULES = YES;
				CLANG_ENABLE_OBJC_ARC = YES;
				CLANG_ENABLE_OBJC_WEAK = YES;
				CLANG_WARN_BLOCK_CAPTURE_AUTORELEASING = YES;
				CLANG_WARN_BOOL_CONVERSION = YES;
				CLANG_WARN_COMMA = YES;
				CLANG_WARN_CONSTANT_CONVERSION = YES;
				CLANG_WARN_DEPRECATED_OBJC_IMPLEMENTATIONS = YES;
				CLANG_WARN_DIRECT_OBJC_ISA_USAGE = YES_ERROR;
				CLANG_WARN_DOCUMENTATION_COMMENTS = YES;
				CLANG_WARN_EMPTY_BODY = YES;
				CLANG_WARN_ENUM_CONVERSION = YES;
				CLANG_WARN_INFINITE_RECURSION = YES;
				CLANG_WARN_INT_CONVERSION = YES;
				CLANG_WARN_NON_LITERAL_NULL_CONVERSION = YES;
				CLANG_WARN_OBJC_IMPLICIT_RETAIN_SELF = YES;
				CLANG_WARN_OBJC_LITERAL_CONVERSION = YES;
				CLANG_WARN_OBJC_ROOT_CLASS = YES_ERROR;
				CLANG_WARN_QUOTED_INCLUDE_IN_FRAMEWORK_HEADER = YES;
				CLANG_WARN_RANGE_LOOP_ANALYSIS = YES;
				CLANG_WARN_STRICT_PROTOTYPES = YES;
				CLANG_WARN_SUSPICIOUS_MOVE = YES;
				CLANG_WARN_UNGUARDED_AVAILABILITY = YES_AGGRESSIVE;
				CLANG_WARN_UNREACHABLE_CODE = YES;
				CLANG_WARN__DUPLICATE_METHOD_MATCH = YES;
				COPY_PHASE_STRIP = NO;
				DEBUG_INFORMATION_FORMAT = "dwarf-with-dsym";
				ENABLE_NS_ASSERTIONS = NO;
				ENABLE_STRICT_OBJC_MSGSEND = YES;
				GCC_C_LANGUAGE_STANDARD = gnu11;
				GCC_NO_COMMON_BLOCKS = YES;
				GCC_WARN_64_TO_32_BIT_CONVERSION = YES;
				GCC_WARN_ABOUT_RETURN_TYPE = YES_ERROR;
				GCC_WARN_UNDECLARED_SELECTOR = YES;
				GCC_WARN_UNINITIALIZED_AUTOS = YES_AGGRESSIVE;
				GCC_WARN_UNUSED_FUNCTION = YES;
				GCC_WARN_UNUSED_VARIABLE = YES;
				IPHONEOS_DEPLOYMENT_TARGET = 15.4;
				MTL_ENABLE_DEBUG_INFO = NO;
				MTL_FAST_MATH = YES;
				SDKROOT = iphoneos;
				SWIFT_COMPILATION_MODE = wholemodule;
				SWIFT_OPTIMIZATION_LEVEL = "-O";
				VALIDATE_PRODUCT = YES;
			};
			name = Release;
		};
		91BF86A627FECD2300A95FA9 /* Debug */ = {
			isa = XCBuildConfiguration;
			buildSettings = {
				ASSETCATALOG_COMPILER_APPICON_NAME = AppIcon;
				ASSETCATALOG_COMPILER_GLOBAL_ACCENT_COLOR_NAME = AccentColor;
				CODE_SIGN_STYLE = Automatic;
				CURRENT_PROJECT_VERSION = 1;
				DEVELOPMENT_ASSET_PATHS = "\"donggle/Preview Content\"";
				DEVELOPMENT_TEAM = 54QH6LCWDM;
				ENABLE_PREVIEWS = YES;
				GENERATE_INFOPLIST_FILE = YES;
				INFOPLIST_KEY_UIApplicationSceneManifest_Generation = YES;
				INFOPLIST_KEY_UIApplicationSupportsIndirectInputEvents = YES;
				INFOPLIST_KEY_UILaunchScreen_Generation = YES;
				INFOPLIST_KEY_UISupportedInterfaceOrientations_iPad = "UIInterfaceOrientationPortrait UIInterfaceOrientationPortraitUpsideDown UIInterfaceOrientationLandscapeLeft UIInterfaceOrientationLandscapeRight";
				INFOPLIST_KEY_UISupportedInterfaceOrientations_iPhone = "UIInterfaceOrientationPortrait UIInterfaceOrientationLandscapeLeft UIInterfaceOrientationLandscapeRight";
				LD_RUNPATH_SEARCH_PATHS = (
					"$(inherited)",
					"@executable_path/Frameworks",
				);
				MARKETING_VERSION = 1.0;
				PRODUCT_BUNDLE_IDENTIFIER = gamer.donggle;
				PRODUCT_NAME = "$(TARGET_NAME)";
				SWIFT_EMIT_LOC_STRINGS = YES;
				SWIFT_VERSION = 5.0;
				TARGETED_DEVICE_FAMILY = "1,2";
			};
			name = Debug;
		};
		91BF86A727FECD2300A95FA9 /* Release */ = {
			isa = XCBuildConfiguration;
			buildSettings = {
				ASSETCATALOG_COMPILER_APPICON_NAME = AppIcon;
				ASSETCATALOG_COMPILER_GLOBAL_ACCENT_COLOR_NAME = AccentColor;
				CODE_SIGN_STYLE = Automatic;
				CURRENT_PROJECT_VERSION = 1;
				DEVELOPMENT_ASSET_PATHS = "\"donggle/Preview Content\"";
				DEVELOPMENT_TEAM = 54QH6LCWDM;
				ENABLE_PREVIEWS = YES;
				GENERATE_INFOPLIST_FILE = YES;
				INFOPLIST_KEY_UIApplicationSceneManifest_Generation = YES;
				INFOPLIST_KEY_UIApplicationSupportsIndirectInputEvents = YES;
				INFOPLIST_KEY_UILaunchScreen_Generation = YES;
				INFOPLIST_KEY_UISupportedInterfaceOrientations_iPad = "UIInterfaceOrientationPortrait UIInterfaceOrientationPortraitUpsideDown UIInterfaceOrientationLandscapeLeft UIInterfaceOrientationLandscapeRight";
				INFOPLIST_KEY_UISupportedInterfaceOrientations_iPhone = "UIInterfaceOrientationPortrait UIInterfaceOrientationLandscapeLeft UIInterfaceOrientationLandscapeRight";
				LD_RUNPATH_SEARCH_PATHS = (
					"$(inherited)",
					"@executable_path/Frameworks",
				);
				MARKETING_VERSION = 1.0;
				PRODUCT_BUNDLE_IDENTIFIER = gamer.donggle;
				PRODUCT_NAME = "$(TARGET_NAME)";
				SWIFT_EMIT_LOC_STRINGS = YES;
				SWIFT_VERSION = 5.0;
				TARGETED_DEVICE_FAMILY = "1,2";
			};
			name = Release;
		};
/* End XCBuildConfiguration section */

/* Begin XCConfigurationList section */
		91BF869227FECD2300A95FA9 /* Build configuration list for PBXProject "donggle" */ = {
			isa = XCConfigurationList;
			buildConfigurations = (
				91BF86A327FECD2300A95FA9 /* Debug */,
				91BF86A427FECD2300A95FA9 /* Release */,
			);
			defaultConfigurationIsVisible = 0;
			defaultConfigurationName = Release;
		};
		91BF86A527FECD2300A95FA9 /* Build configuration list for PBXNativeTarget "donggle" */ = {
			isa = XCConfigurationList;
			buildConfigurations = (
				91BF86A627FECD2300A95FA9 /* Debug */,
				91BF86A727FECD2300A95FA9 /* Release */,
			);
			defaultConfigurationIsVisible = 0;
			defaultConfigurationName = Release;
		};
/* End XCConfigurationList section */

/* Begin XCRemoteSwiftPackageReference section */
		91E171222805B5CB00B7B188 /* XCRemoteSwiftPackageReference "swiftui-charts" */ = {
			isa = XCRemoteSwiftPackageReference;
			repositoryURL = "https://github.com/spacenation/swiftui-charts.git";
			requirement = {
				kind = upToNextMajorVersion;
				minimumVersion = 1.0.0;
			};
		};
		91E171252805B5D600B7B188 /* XCRemoteSwiftPackageReference "FSCalendar" */ = {
			isa = XCRemoteSwiftPackageReference;
			repositoryURL = "https://github.com/WenchaoD/FSCalendar.git";
			requirement = {
				kind = upToNextMajorVersion;
				minimumVersion = 2.0.0;
			};
		};
/* End XCRemoteSwiftPackageReference section */

/* Begin XCSwiftPackageProductDependency section */
		91E171232805B5CB00B7B188 /* Charts */ = {
			isa = XCSwiftPackageProductDependency;
			package = 91E171222805B5CB00B7B188 /* XCRemoteSwiftPackageReference "swiftui-charts" */;
			productName = Charts;
		};
		91E171262805B5D600B7B188 /* FSCalendar */ = {
			isa = XCSwiftPackageProductDependency;
			package = 91E171252805B5D600B7B188 /* XCRemoteSwiftPackageReference "FSCalendar" */;
			productName = FSCalendar;
		};
/* End XCSwiftPackageProductDependency section */
	};
	rootObject = 91BF868F27FECD2300A95FA9 /* Project object */;
}
